
Microsoft Visual Studio Solution File, Format Version 12.00
# Visual Studio Version 17
VisualStudioVersion = 17.11.35303.130
MinimumVisualStudioVersion = 10.0.40219.1
Project("{2150E333-8FDC-42A3-9474-1A3956D46DE8}") = "Task0", "Task0", "{24D5EBB0-F671-4FD6-9B3C-D7C4480F3378}"
EndProject
Project("{9A19103F-16F7-4668-BE54-9A1E7A4F7556}") = "Tyuiu.NikiforovFA.Sprint4.Task0.V29", "Tyuiu.NikiforovFA.Sprint4.Task0.V29\Tyuiu.NikiforovFA.Sprint4.Task0.V29.csproj", "{3D6B7CE7-84CF-4AD8-BECD-64BB7F234891}"
EndProject
Project("{9A19103F-16F7-4668-BE54-9A1E7A4F7556}") = "Tyuiu.NikiforovFA.Sprint4.Task0.V29.Lib", "Tyuiu.NikiforovFA.Sprint4.Task0.V29.Lib\Tyuiu.NikiforovFA.Sprint4.Task0.V29.Lib.csproj", "{6F48448E-EB65-4EE8-98CC-0F3D3C9C7821}"
EndProject
Project("{9A19103F-16F7-4668-BE54-9A1E7A4F7556}") = "Tyuiu.NikiforovFA.Sprint4.Task0.V29.Test", "Tyuiu.NikiforovFA.Sprint4.Task0.V29.Test\Tyuiu.NikiforovFA.Sprint4.Task0.V29.Test.csproj", "{F25E4973-6F55-4DE1-8666-A56C619FDB31}"
EndProject
Project("{2150E333-8FDC-42A3-9474-1A3956D46DE8}") = "Task1", "Task1", "{309C146E-301A-4EDC-8CEB-8EC51D1F0ED7}"
EndProject
Project("{9A19103F-16F7-4668-BE54-9A1E7A4F7556}") = "Tyuiu.NikiforovFA.Sprint4.Task1.V24", "Tyuiu.NikiforovFA.Sprint4.Task1.V24\Tyuiu.NikiforovFA.Sprint4.Task1.V24.csproj", "{B92DFF71-25C1-479F-853B-2D6BD1A42BC0}"
EndProject
Project("{9A19103F-16F7-4668-BE54-9A1E7A4F7556}") = "Tyuiu.NikiforovFA.Sprint4.Task1.V24.Lib", "Tyuiu.NikiforovFA.Sprint4.Task1.V24.Lib\Tyuiu.NikiforovFA.Sprint4.Task1.V24.Lib.csproj", "{0D603819-9756-4D0C-A63A-B69E351F1278}"
EndProject
Project("{9A19103F-16F7-4668-BE54-9A1E7A4F7556}") = "Tyuiu.NikiforovFA.Sprint4.Task1.V24.Test", "Tyuiu.NikiforovFA.Sprint4.Task1.V24.Test\Tyuiu.NikiforovFA.Sprint4.Task1.V24.Test.csproj", "{722C659C-CCE9-4EB6-AADF-82F24F28D1DC}"
EndProject
Project("{2150E333-8FDC-42A3-9474-1A3956D46DE8}") = "Task2", "Task2", "{6EBFA465-3B81-4782-8A6E-C0A798A6CFB7}"
EndProject
Project("{9A19103F-16F7-4668-BE54-9A1E7A4F7556}") = "Tyuiu.NikiforovFA.Sprint4.Task2.V14", "Tyuiu.NikiforovFA.Sprint4.Task2.V14\Tyuiu.NikiforovFA.Sprint4.Task2.V14.csproj", "{4B45B8C9-64A9-4A7C-8EDD-F8BC945438FB}"
EndProject
Project("{9A19103F-16F7-4668-BE54-9A1E7A4F7556}") = "Tyuiu.NikiforovFA.Sprint4.Task2.V14.Lib", "Tyuiu.NikiforovFA.Sprint4.Task2.V14.Lib\Tyuiu.NikiforovFA.Sprint4.Task2.V14.Lib.csproj", "{5620F939-BED2-4DED-8438-6880D8D1A7D4}"
EndProject
Project("{9A19103F-16F7-4668-BE54-9A1E7A4F7556}") = "Tyuiu.NikiforovFA.Sprint4.Task2.V14.Test", "Tyuiu.NikiforovFA.Sprint4.Task2.V14.Test\Tyuiu.NikiforovFA.Sprint4.Task2.V14.Test.csproj", "{DA4D984C-DFB5-4E9F-9DA4-B7065BA73A29}"
EndProject
Project("{2150E333-8FDC-42A3-9474-1A3956D46DE8}") = "Task3", "Task3", "{12F13405-1D12-4D89-9412-5512A00349D1}"
EndProject
Project("{9A19103F-16F7-4668-BE54-9A1E7A4F7556}") = "Tyuiu.NikiforovFA.Sprint4.Task3.V10.Test", "Tyuiu.NikiforovFA.Sprint4.Task3.V10.Test\Tyuiu.NikiforovFA.Sprint4.Task3.V10.Test.csproj", "{6637037C-151E-4DF5-9102-97E75BB29CA7}"
EndProject
Project("{9A19103F-16F7-4668-BE54-9A1E7A4F7556}") = "Tyuiu.NikiforovFA.Sprint4.Task3.V10.Lib", "Tyuiu.NikiforovFA.Sprint4.Task3.V10.Lib\Tyuiu.NikiforovFA.Sprint4.Task3.V10.Lib.csproj", "{97B0502A-8C20-4567-8684-6E088E9E7A5F}"
EndProject
Project("{9A19103F-16F7-4668-BE54-9A1E7A4F7556}") = "Tyuiu.NikiforovFA.Sprint4.Task3.V10", "Tyuiu.NikiforovFA.Sprint4.Task3.V10\Tyuiu.NikiforovFA.Sprint4.Task3.V10.csproj", "{E7945FCA-E37B-4D42-8EE1-C7846DF8E420}"
EndProject
Project("{2150E333-8FDC-42A3-9474-1A3956D46DE8}") = "Task4", "Task4", "{B19E2C3D-B21A-49DA-9ABF-A125DD5138E2}"
EndProject
Project("{FAE04EC0-301F-11D3-BF4B-00C04F79EFBC}") = "Tyuiu.NikiforovFA.Sprint4.Task4.V26", "Tyuiu.NikiforovFA.Sprint4.Task4.V26\Tyuiu.NikiforovFA.Sprint4.Task4.V26.csproj", "{44C96132-5649-41CD-A62C-C476DA7E9383}"
EndProject
Project("{FAE04EC0-301F-11D3-BF4B-00C04F79EFBC}") = "Tyuiu.NikiforovFA.Sprint4.Task4.V26.Lib", "Tyuiu.NikiforovFA.Sprint4.Task4.V26.Lib\Tyuiu.NikiforovFA.Sprint4.Task4.V26.Lib.csproj", "{E0A5B580-E1F0-4AA7-8FF1-DEE99DCE092F}"
EndProject
Project("{FAE04EC0-301F-11D3-BF4B-00C04F79EFBC}") = "Tyuiu.NikiforovFA.Sprint4.Task4.V26.Test", "Tyuiu.NikiforovFA.Sprint4.Task4.V26.Test\Tyuiu.NikiforovFA.Sprint4.Task4.V26.Test.csproj", "{12683B43-B3C3-4C29-AD55-64473A231C15}"
EndProject
Global
	GlobalSection(SolutionConfigurationPlatforms) = preSolution
		Debug|Any CPU = Debug|Any CPU
		Release|Any CPU = Release|Any CPU
	EndGlobalSection
	GlobalSection(ProjectConfigurationPlatforms) = postSolution
		{3D6B7CE7-84CF-4AD8-BECD-64BB7F234891}.Debug|Any CPU.ActiveCfg = Debug|Any CPU
		{3D6B7CE7-84CF-4AD8-BECD-64BB7F234891}.Debug|Any CPU.Build.0 = Debug|Any CPU
		{3D6B7CE7-84CF-4AD8-BECD-64BB7F234891}.Release|Any CPU.ActiveCfg = Release|Any CPU
		{3D6B7CE7-84CF-4AD8-BECD-64BB7F234891}.Release|Any CPU.Build.0 = Release|Any CPU
		{6F48448E-EB65-4EE8-98CC-0F3D3C9C7821}.Debug|Any CPU.ActiveCfg = Debug|Any CPU
		{6F48448E-EB65-4EE8-98CC-0F3D3C9C7821}.Debug|Any CPU.Build.0 = Debug|Any CPU
		{6F48448E-EB65-4EE8-98CC-0F3D3C9C7821}.Release|Any CPU.ActiveCfg = Release|Any CPU
		{6F48448E-EB65-4EE8-98CC-0F3D3C9C7821}.Release|Any CPU.Build.0 = Release|Any CPU
		{F25E4973-6F55-4DE1-8666-A56C619FDB31}.Debug|Any CPU.ActiveCfg = Debug|Any CPU
		{F25E4973-6F55-4DE1-8666-A56C619FDB31}.Debug|Any CPU.Build.0 = Debug|Any CPU
		{F25E4973-6F55-4DE1-8666-A56C619FDB31}.Release|Any CPU.ActiveCfg = Release|Any CPU
		{F25E4973-6F55-4DE1-8666-A56C619FDB31}.Release|Any CPU.Build.0 = Release|Any CPU
		{B92DFF71-25C1-479F-853B-2D6BD1A42BC0}.Debug|Any CPU.ActiveCfg = Debug|Any CPU
		{B92DFF71-25C1-479F-853B-2D6BD1A42BC0}.Debug|Any CPU.Build.0 = Debug|Any CPU
		{B92DFF71-25C1-479F-853B-2D6BD1A42BC0}.Release|Any CPU.ActiveCfg = Release|Any CPU
		{B92DFF71-25C1-479F-853B-2D6BD1A42BC0}.Release|Any CPU.Build.0 = Release|Any CPU
		{0D603819-9756-4D0C-A63A-B69E351F1278}.Debug|Any CPU.ActiveCfg = Debug|Any CPU
		{0D603819-9756-4D0C-A63A-B69E351F1278}.Debug|Any CPU.Build.0 = Debug|Any CPU
		{0D603819-9756-4D0C-A63A-B69E351F1278}.Release|Any CPU.ActiveCfg = Release|Any CPU
		{0D603819-9756-4D0C-A63A-B69E351F1278}.Release|Any CPU.Build.0 = Release|Any CPU
		{722C659C-CCE9-4EB6-AADF-82F24F28D1DC}.Debug|Any CPU.ActiveCfg = Debug|Any CPU
		{722C659C-CCE9-4EB6-AADF-82F24F28D1DC}.Debug|Any CPU.Build.0 = Debug|Any CPU
		{722C659C-CCE9-4EB6-AADF-82F24F28D1DC}.Release|Any CPU.ActiveCfg = Release|Any CPU
		{722C659C-CCE9-4EB6-AADF-82F24F28D1DC}.Release|Any CPU.Build.0 = Release|Any CPU
		{4B45B8C9-64A9-4A7C-8EDD-F8BC945438FB}.Debug|Any CPU.ActiveCfg = Debug|Any CPU
		{4B45B8C9-64A9-4A7C-8EDD-F8BC945438FB}.Debug|Any CPU.Build.0 = Debug|Any CPU
		{4B45B8C9-64A9-4A7C-8EDD-F8BC945438FB}.Release|Any CPU.ActiveCfg = Release|Any CPU
		{4B45B8C9-64A9-4A7C-8EDD-F8BC945438FB}.Release|Any CPU.Build.0 = Release|Any CPU
		{5620F939-BED2-4DED-8438-6880D8D1A7D4}.Debug|Any CPU.ActiveCfg = Debug|Any CPU
		{5620F939-BED2-4DED-8438-6880D8D1A7D4}.Debug|Any CPU.Build.0 = Debug|Any CPU
		{5620F939-BED2-4DED-8438-6880D8D1A7D4}.Release|Any CPU.ActiveCfg = Release|Any CPU
		{5620F939-BED2-4DED-8438-6880D8D1A7D4}.Release|Any CPU.Build.0 = Release|Any CPU
		{DA4D984C-DFB5-4E9F-9DA4-B7065BA73A29}.Debug|Any CPU.ActiveCfg = Debug|Any CPU
		{DA4D984C-DFB5-4E9F-9DA4-B7065BA73A29}.Debug|Any CPU.Build.0 = Debug|Any CPU
		{DA4D984C-DFB5-4E9F-9DA4-B7065BA73A29}.Release|Any CPU.ActiveCfg = Release|Any CPU
		{DA4D984C-DFB5-4E9F-9DA4-B7065BA73A29}.Release|Any CPU.Build.0 = Release|Any CPU
		{6637037C-151E-4DF5-9102-97E75BB29CA7}.Debug|Any CPU.ActiveCfg = Debug|Any CPU
		{6637037C-151E-4DF5-9102-97E75BB29CA7}.Debug|Any CPU.Build.0 = Debug|Any CPU
		{6637037C-151E-4DF5-9102-97E75BB29CA7}.Release|Any CPU.ActiveCfg = Release|Any CPU
		{6637037C-151E-4DF5-9102-97E75BB29CA7}.Release|Any CPU.Build.0 = Release|Any CPU
		{97B0502A-8C20-4567-8684-6E088E9E7A5F}.Debug|Any CPU.ActiveCfg = Debug|Any CPU
		{97B0502A-8C20-4567-8684-6E088E9E7A5F}.Debug|Any CPU.Build.0 = Debug|Any CPU
		{97B0502A-8C20-4567-8684-6E088E9E7A5F}.Release|Any CPU.ActiveCfg = Release|Any CPU
		{97B0502A-8C20-4567-8684-6E088E9E7A5F}.Release|Any CPU.Build.0 = Release|Any CPU
		{E7945FCA-E37B-4D42-8EE1-C7846DF8E420}.Debug|Any CPU.ActiveCfg = Debug|Any CPU
		{E7945FCA-E37B-4D42-8EE1-C7846DF8E420}.Debug|Any CPU.Build.0 = Debug|Any CPU
		{E7945FCA-E37B-4D42-8EE1-C7846DF8E420}.Release|Any CPU.ActiveCfg = Release|Any CPU
		{E7945FCA-E37B-4D42-8EE1-C7846DF8E420}.Release|Any CPU.Build.0 = Release|Any CPU
		{44C96132-5649-41CD-A62C-C476DA7E9383}.Debug|Any CPU.ActiveCfg = Debug|Any CPU
		{44C96132-5649-41CD-A62C-C476DA7E9383}.Debug|Any CPU.Build.0 = Debug|Any CPU
		{44C96132-5649-41CD-A62C-C476DA7E9383}.Release|Any CPU.ActiveCfg = Release|Any CPU
		{44C96132-5649-41CD-A62C-C476DA7E9383}.Release|Any CPU.Build.0 = Release|Any CPU
		{E0A5B580-E1F0-4AA7-8FF1-DEE99DCE092F}.Debug|Any CPU.ActiveCfg = Debug|Any CPU
		{E0A5B580-E1F0-4AA7-8FF1-DEE99DCE092F}.Debug|Any CPU.Build.0 = Debug|Any CPU
		{E0A5B580-E1F0-4AA7-8FF1-DEE99DCE092F}.Release|Any CPU.ActiveCfg = Release|Any CPU
		{E0A5B580-E1F0-4AA7-8FF1-DEE99DCE092F}.Release|Any CPU.Build.0 = Release|Any CPU
		{12683B43-B3C3-4C29-AD55-64473A231C15}.Debug|Any CPU.ActiveCfg = Debug|Any CPU
		{12683B43-B3C3-4C29-AD55-64473A231C15}.Debug|Any CPU.Build.0 = Debug|Any CPU
		{12683B43-B3C3-4C29-AD55-64473A231C15}.Release|Any CPU.ActiveCfg = Release|Any CPU
		{12683B43-B3C3-4C29-AD55-64473A231C15}.Release|Any CPU.Build.0 = Release|Any CPU
	EndGlobalSection
	GlobalSection(SolutionProperties) = preSolution
		HideSolutionNode = FALSE
	EndGlobalSection
	GlobalSection(NestedProjects) = preSolution
		{3D6B7CE7-84CF-4AD8-BECD-64BB7F234891} = {24D5EBB0-F671-4FD6-9B3C-D7C4480F3378}
		{6F48448E-EB65-4EE8-98CC-0F3D3C9C7821} = {24D5EBB0-F671-4FD6-9B3C-D7C4480F3378}
		{F25E4973-6F55-4DE1-8666-A56C619FDB31} = {24D5EBB0-F671-4FD6-9B3C-D7C4480F3378}
		{B92DFF71-25C1-479F-853B-2D6BD1A42BC0} = {309C146E-301A-4EDC-8CEB-8EC51D1F0ED7}
		{0D603819-9756-4D0C-A63A-B69E351F1278} = {309C146E-301A-4EDC-8CEB-8EC51D1F0ED7}
		{722C659C-CCE9-4EB6-AADF-82F24F28D1DC} = {309C146E-301A-4EDC-8CEB-8EC51D1F0ED7}
		{4B45B8C9-64A9-4A7C-8EDD-F8BC945438FB} = {6EBFA465-3B81-4782-8A6E-C0A798A6CFB7}
		{5620F939-BED2-4DED-8438-6880D8D1A7D4} = {6EBFA465-3B81-4782-8A6E-C0A798A6CFB7}
		{DA4D984C-DFB5-4E9F-9DA4-B7065BA73A29} = {6EBFA465-3B81-4782-8A6E-C0A798A6CFB7}
		{6637037C-151E-4DF5-9102-97E75BB29CA7} = {12F13405-1D12-4D89-9412-5512A00349D1}
		{97B0502A-8C20-4567-8684-6E088E9E7A5F} = {12F13405-1D12-4D89-9412-5512A00349D1}
		{E7945FCA-E37B-4D42-8EE1-C7846DF8E420} = {12F13405-1D12-4D89-9412-5512A00349D1}
		{44C96132-5649-41CD-A62C-C476DA7E9383} = {B19E2C3D-B21A-49DA-9ABF-A125DD5138E2}
		{E0A5B580-E1F0-4AA7-8FF1-DEE99DCE092F} = {B19E2C3D-B21A-49DA-9ABF-A125DD5138E2}
		{12683B43-B3C3-4C29-AD55-64473A231C15} = {B19E2C3D-B21A-49DA-9ABF-A125DD5138E2}
	EndGlobalSection
	GlobalSection(ExtensibilityGlobals) = postSolution
		SolutionGuid = {8C43213E-30F8-4A2E-B6A3-8FE3ADCFA8AA}
	EndGlobalSection
EndGlobal
